
Microsoft Visual Studio Solution File, Format Version 12.00
# Visual Studio Version 17
VisualStudioVersion = 17.14.36202.13 d17.14
MinimumVisualStudioVersion = 10.0.40219.1
Project("{FAE04EC0-301F-11D3-BF4B-00C04F79EFBC}") = "OpcServer", "OpcServer\OpcServer.csproj", "{2BCB8003-8462-51DA-1831-5E876B001DDE}"
EndProject
Global
	GlobalSection(SolutionConfigurationPlatforms) = preSolution
		Debug|Any CPU = Debug|Any CPU
		Release|Any CPU = Release|Any CPU
	EndGlobalSection
	GlobalSection(ProjectConfigurationPlatforms) = postSolution
		{2BCB8003-8462-51DA-1831-5E876B001DDE}.Debug|Any CPU.ActiveCfg = Debug|Any CPU
		{2BCB8003-8462-51DA-1831-5E876B001DDE}.Debug|Any CPU.Build.0 = Debug|Any CPU
		{2BCB8003-8462-51DA-1831-5E876B001DDE}.Release|Any CPU.ActiveCfg = Release|Any CPU
		{2BCB8003-8462-51DA-1831-5E876B001DDE}.Release|Any CPU.Build.0 = Release|Any CPU
	EndGlobalSection
	GlobalSection(SolutionProperties) = preSolution
		HideSolutionNode = FALSE
	EndGlobalSection
	GlobalSection(ExtensibilityGlobals) = postSolution
		SolutionGuid = {51E86EBB-6FAA-402C-BB43-73880A69563D}
	EndGlobalSection
EndGlobal
